
Microsoft Visual Studio Solution File, Format Version 12.00
# Visual Studio 15
VisualStudioVersion = 15.0.26730.16
MinimumVisualStudioVersion = 10.0.40219.1
Project("{FAE04EC0-301F-11D3-BF4B-00C04F79EFBC}") = "TourBackend", "TourBackend\TourBackend.csproj", "{6117F13A-3545-4024-98CF-83A05080F0E0}"
EndProject
Project("{FAE04EC0-301F-11D3-BF4B-00C04F79EFBC}") = "TourBackendTest", "UnitTestProject1\TourBackendTest.csproj", "{5F31C198-1CE3-4B85-88C5-91698B72DE1E}"
EndProject
Global
	GlobalSection(SolutionConfigurationPlatforms) = preSolution
		Debug|Any CPU = Debug|Any CPU
		Release|Any CPU = Release|Any CPU
	EndGlobalSection
	GlobalSection(ProjectConfigurationPlatforms) = postSolution
		{6117F13A-3545-4024-98CF-83A05080F0E0}.Debug|Any CPU.ActiveCfg = Debug|Any CPU
		{6117F13A-3545-4024-98CF-83A05080F0E0}.Debug|Any CPU.Build.0 = Debug|Any CPU
		{6117F13A-3545-4024-98CF-83A05080F0E0}.Release|Any CPU.ActiveCfg = Release|Any CPU
		{6117F13A-3545-4024-98CF-83A05080F0E0}.Release|Any CPU.Build.0 = Release|Any CPU
		{5F31C198-1CE3-4B85-88C5-91698B72DE1E}.Debug|Any CPU.ActiveCfg = Debug|Any CPU
		{5F31C198-1CE3-4B85-88C5-91698B72DE1E}.Debug|Any CPU.Build.0 = Debug|Any CPU
		{5F31C198-1CE3-4B85-88C5-91698B72DE1E}.Release|Any CPU.ActiveCfg = Release|Any CPU
		{5F31C198-1CE3-4B85-88C5-91698B72DE1E}.Release|Any CPU.Build.0 = Release|Any CPU
	EndGlobalSection
	GlobalSection(SolutionProperties) = preSolution
		HideSolutionNode = FALSE
	EndGlobalSection
	GlobalSection(ExtensibilityGlobals) = postSolution
		SolutionGuid = {1D132EB8-E30A-4979-B366-7EEEDC2E0AAD}
	EndGlobalSection
EndGlobal
